
Microsoft Visual Studio Solution File, Format Version 12.00
# Visual Studio Version 17
VisualStudioVersion = 17.3.32819.101
MinimumVisualStudioVersion = 10.0.40219.1
Project("{2150E333-8FDC-42A3-9474-1A3956D46DE8}") = "src", "src", "{21DC0D86-5FA4-4597-9BED-FA4361CD8BD2}"
EndProject
Project("{2150E333-8FDC-42A3-9474-1A3956D46DE8}") = "corePackages", "corePackages", "{6525D2E1-69FE-425A-A119-A2E14A2A8F04}"
EndProject
Project("{9A19103F-16F7-4668-BE54-9A1E7A4F7556}") = "Core.Application", "src\corePackages\Core.Application\Core.Application.csproj", "{E1EBA3A1-EE12-4EFB-A7B0-7A46BA0F2C8F}"
EndProject
Project("{9A19103F-16F7-4668-BE54-9A1E7A4F7556}") = "Core.CrossCuttingConcerns", "src\corePackages\Core.CrossCuttingConcers\Core.CrossCuttingConcerns.csproj", "{2356DB85-A153-483C-9D2E-48F22482F81E}"
EndProject
Project("{9A19103F-16F7-4668-BE54-9A1E7A4F7556}") = "Core.ElasticSearch", "src\corePackages\Core.ElasticSearch\Core.ElasticSearch.csproj", "{E52953E8-F853-4CA1-9EC5-20BC43F152F7}"
EndProject
Project("{9A19103F-16F7-4668-BE54-9A1E7A4F7556}") = "Core.Mailing", "src\corePackages\Core.Mailing\Core.Mailing.csproj", "{75534DC7-83FA-4116-9793-6C40B795BAD0}"
EndProject
Project("{9A19103F-16F7-4668-BE54-9A1E7A4F7556}") = "Core.Persistence", "src\corePackages\Core.Persistence\Core.Persistence.csproj", "{157200FE-F058-4D11-908C-D30504A9D3C1}"
EndProject
Project("{9A19103F-16F7-4668-BE54-9A1E7A4F7556}") = "Core.Security", "src\corePackages\Core.Security\Core.Security.csproj", "{314FE8BA-B645-4C83-9FE4-AED110C5BB95}"
EndProject
Project("{2150E333-8FDC-42A3-9474-1A3956D46DE8}") = "projects", "projects", "{52F1102E-A426-4158-8599-A58DCA9B60E1}"
EndProject
Project("{2150E333-8FDC-42A3-9474-1A3956D46DE8}") = "eCommerce", "eCommerce", "{5031CC52-6787-4550-B684-2C0C18F83D7C}"
EndProject
Project("{9A19103F-16F7-4668-BE54-9A1E7A4F7556}") = "Application", "src\projects\eCommerce\Application\Application.csproj", "{6D180334-26CC-4E78-8D28-95D189843034}"
EndProject
Project("{9A19103F-16F7-4668-BE54-9A1E7A4F7556}") = "Domain", "src\projects\eCommerce\Domain\Domain.csproj", "{C3A368BD-0AC8-4ADF-B718-29FED6754263}"
EndProject
Project("{9A19103F-16F7-4668-BE54-9A1E7A4F7556}") = "Infrastructure", "src\projects\eCommerce\Infrastructure\Infrastructure.csproj", "{6A986F97-22B3-4AEF-96C9-7504D3BBAAF7}"
EndProject
Project("{9A19103F-16F7-4668-BE54-9A1E7A4F7556}") = "Persistence", "src\projects\eCommerce\Persistence\Persistence.csproj", "{70F8F87D-046D-405A-8ECC-7312ACA1F409}"
EndProject
Project("{9A19103F-16F7-4668-BE54-9A1E7A4F7556}") = "WebAPI", "src\projects\eCommerce\WebAPI\WebAPI.csproj", "{446EC39A-15A7-4111-8B2F-AD0EAFC386DE}"
EndProject
Global
	GlobalSection(SolutionConfigurationPlatforms) = preSolution
		Debug|Any CPU = Debug|Any CPU
		Release|Any CPU = Release|Any CPU
	EndGlobalSection
	GlobalSection(ProjectConfigurationPlatforms) = postSolution
		{E1EBA3A1-EE12-4EFB-A7B0-7A46BA0F2C8F}.Debug|Any CPU.ActiveCfg = Debug|Any CPU
		{E1EBA3A1-EE12-4EFB-A7B0-7A46BA0F2C8F}.Debug|Any CPU.Build.0 = Debug|Any CPU
		{E1EBA3A1-EE12-4EFB-A7B0-7A46BA0F2C8F}.Release|Any CPU.ActiveCfg = Release|Any CPU
		{E1EBA3A1-EE12-4EFB-A7B0-7A46BA0F2C8F}.Release|Any CPU.Build.0 = Release|Any CPU
		{2356DB85-A153-483C-9D2E-48F22482F81E}.Debug|Any CPU.ActiveCfg = Debug|Any CPU
		{2356DB85-A153-483C-9D2E-48F22482F81E}.Debug|Any CPU.Build.0 = Debug|Any CPU
		{2356DB85-A153-483C-9D2E-48F22482F81E}.Release|Any CPU.ActiveCfg = Release|Any CPU
		{2356DB85-A153-483C-9D2E-48F22482F81E}.Release|Any CPU.Build.0 = Release|Any CPU
		{E52953E8-F853-4CA1-9EC5-20BC43F152F7}.Debug|Any CPU.ActiveCfg = Debug|Any CPU
		{E52953E8-F853-4CA1-9EC5-20BC43F152F7}.Debug|Any CPU.Build.0 = Debug|Any CPU
		{E52953E8-F853-4CA1-9EC5-20BC43F152F7}.Release|Any CPU.ActiveCfg = Release|Any CPU
		{E52953E8-F853-4CA1-9EC5-20BC43F152F7}.Release|Any CPU.Build.0 = Release|Any CPU
		{75534DC7-83FA-4116-9793-6C40B795BAD0}.Debug|Any CPU.ActiveCfg = Debug|Any CPU
		{75534DC7-83FA-4116-9793-6C40B795BAD0}.Debug|Any CPU.Build.0 = Debug|Any CPU
		{75534DC7-83FA-4116-9793-6C40B795BAD0}.Release|Any CPU.ActiveCfg = Release|Any CPU
		{75534DC7-83FA-4116-9793-6C40B795BAD0}.Release|Any CPU.Build.0 = Release|Any CPU
		{157200FE-F058-4D11-908C-D30504A9D3C1}.Debug|Any CPU.ActiveCfg = Debug|Any CPU
		{157200FE-F058-4D11-908C-D30504A9D3C1}.Debug|Any CPU.Build.0 = Debug|Any CPU
		{157200FE-F058-4D11-908C-D30504A9D3C1}.Release|Any CPU.ActiveCfg = Release|Any CPU
		{157200FE-F058-4D11-908C-D30504A9D3C1}.Release|Any CPU.Build.0 = Release|Any CPU
		{314FE8BA-B645-4C83-9FE4-AED110C5BB95}.Debug|Any CPU.ActiveCfg = Debug|Any CPU
		{314FE8BA-B645-4C83-9FE4-AED110C5BB95}.Debug|Any CPU.Build.0 = Debug|Any CPU
		{314FE8BA-B645-4C83-9FE4-AED110C5BB95}.Release|Any CPU.ActiveCfg = Release|Any CPU
		{314FE8BA-B645-4C83-9FE4-AED110C5BB95}.Release|Any CPU.Build.0 = Release|Any CPU
		{6D180334-26CC-4E78-8D28-95D189843034}.Debug|Any CPU.ActiveCfg = Debug|Any CPU
		{6D180334-26CC-4E78-8D28-95D189843034}.Debug|Any CPU.Build.0 = Debug|Any CPU
		{6D180334-26CC-4E78-8D28-95D189843034}.Release|Any CPU.ActiveCfg = Release|Any CPU
		{6D180334-26CC-4E78-8D28-95D189843034}.Release|Any CPU.Build.0 = Release|Any CPU
		{C3A368BD-0AC8-4ADF-B718-29FED6754263}.Debug|Any CPU.ActiveCfg = Debug|Any CPU
		{C3A368BD-0AC8-4ADF-B718-29FED6754263}.Debug|Any CPU.Build.0 = Debug|Any CPU
		{C3A368BD-0AC8-4ADF-B718-29FED6754263}.Release|Any CPU.ActiveCfg = Release|Any CPU
		{C3A368BD-0AC8-4ADF-B718-29FED6754263}.Release|Any CPU.Build.0 = Release|Any CPU
		{6A986F97-22B3-4AEF-96C9-7504D3BBAAF7}.Debug|Any CPU.ActiveCfg = Debug|Any CPU
		{6A986F97-22B3-4AEF-96C9-7504D3BBAAF7}.Debug|Any CPU.Build.0 = Debug|Any CPU
		{6A986F97-22B3-4AEF-96C9-7504D3BBAAF7}.Release|Any CPU.ActiveCfg = Release|Any CPU
		{6A986F97-22B3-4AEF-96C9-7504D3BBAAF7}.Release|Any CPU.Build.0 = Release|Any CPU
		{70F8F87D-046D-405A-8ECC-7312ACA1F409}.Debug|Any CPU.ActiveCfg = Debug|Any CPU
		{70F8F87D-046D-405A-8ECC-7312ACA1F409}.Debug|Any CPU.Build.0 = Debug|Any CPU
		{70F8F87D-046D-405A-8ECC-7312ACA1F409}.Release|Any CPU.ActiveCfg = Release|Any CPU
		{70F8F87D-046D-405A-8ECC-7312ACA1F409}.Release|Any CPU.Build.0 = Release|Any CPU
		{446EC39A-15A7-4111-8B2F-AD0EAFC386DE}.Debug|Any CPU.ActiveCfg = Debug|Any CPU
		{446EC39A-15A7-4111-8B2F-AD0EAFC386DE}.Debug|Any CPU.Build.0 = Debug|Any CPU
		{446EC39A-15A7-4111-8B2F-AD0EAFC386DE}.Release|Any CPU.ActiveCfg = Release|Any CPU
		{446EC39A-15A7-4111-8B2F-AD0EAFC386DE}.Release|Any CPU.Build.0 = Release|Any CPU
	EndGlobalSection
	GlobalSection(SolutionProperties) = preSolution
		HideSolutionNode = FALSE
	EndGlobalSection
	GlobalSection(NestedProjects) = preSolution
		{6525D2E1-69FE-425A-A119-A2E14A2A8F04} = {21DC0D86-5FA4-4597-9BED-FA4361CD8BD2}
		{E1EBA3A1-EE12-4EFB-A7B0-7A46BA0F2C8F} = {6525D2E1-69FE-425A-A119-A2E14A2A8F04}
		{2356DB85-A153-483C-9D2E-48F22482F81E} = {6525D2E1-69FE-425A-A119-A2E14A2A8F04}
		{E52953E8-F853-4CA1-9EC5-20BC43F152F7} = {6525D2E1-69FE-425A-A119-A2E14A2A8F04}
		{75534DC7-83FA-4116-9793-6C40B795BAD0} = {6525D2E1-69FE-425A-A119-A2E14A2A8F04}
		{157200FE-F058-4D11-908C-D30504A9D3C1} = {6525D2E1-69FE-425A-A119-A2E14A2A8F04}
		{314FE8BA-B645-4C83-9FE4-AED110C5BB95} = {6525D2E1-69FE-425A-A119-A2E14A2A8F04}
		{52F1102E-A426-4158-8599-A58DCA9B60E1} = {21DC0D86-5FA4-4597-9BED-FA4361CD8BD2}
		{5031CC52-6787-4550-B684-2C0C18F83D7C} = {52F1102E-A426-4158-8599-A58DCA9B60E1}
		{6D180334-26CC-4E78-8D28-95D189843034} = {5031CC52-6787-4550-B684-2C0C18F83D7C}
		{C3A368BD-0AC8-4ADF-B718-29FED6754263} = {5031CC52-6787-4550-B684-2C0C18F83D7C}
		{6A986F97-22B3-4AEF-96C9-7504D3BBAAF7} = {5031CC52-6787-4550-B684-2C0C18F83D7C}
		{70F8F87D-046D-405A-8ECC-7312ACA1F409} = {5031CC52-6787-4550-B684-2C0C18F83D7C}
		{446EC39A-15A7-4111-8B2F-AD0EAFC386DE} = {5031CC52-6787-4550-B684-2C0C18F83D7C}
	EndGlobalSection
	GlobalSection(ExtensibilityGlobals) = postSolution
		SolutionGuid = {DBA5349C-B43C-4788-9F72-F39476D03B86}
	EndGlobalSection
EndGlobal
